
Microsoft Visual Studio Solution File, Format Version 12.00
# Visual Studio Version 17
VisualStudioVersion = 17.12.35527.113
MinimumVisualStudioVersion = 10.0.40219.1
Project("{FAE04EC0-301F-11D3-BF4B-00C04F79EFBC}") = "ForOrnekleri", "ForOrnekleri\ForOrnekleri.csproj", "{C992D62E-17A4-4CE2-B590-007E5D10570A}"
EndProject
Project("{FAE04EC0-301F-11D3-BF4B-00C04F79EFBC}") = "WhileOrnekleri", "WhileOrnekleri\WhileOrnekleri.csproj", "{D1B5182E-496A-4103-9615-3F2531FF6823}"
EndProject
Project("{FAE04EC0-301F-11D3-BF4B-00C04F79EFBC}") = "WhileDoWhile", "WhileDoWhile\WhileDoWhile.csproj", "{09529D72-0FFE-40DF-A946-DFC1CB9B09D9}"
EndProject
Project("{FAE04EC0-301F-11D3-BF4B-00C04F79EFBC}") = "TatilUygulamasi", "TatilUygulamasi\TatilUygulamasi.csproj", "{F722D2AC-2338-4D0D-A38F-6C07C406A976}"
EndProject
Global
	GlobalSection(SolutionConfigurationPlatforms) = preSolution
		Debug|Any CPU = Debug|Any CPU
		Release|Any CPU = Release|Any CPU
	EndGlobalSection
	GlobalSection(ProjectConfigurationPlatforms) = postSolution
		{C992D62E-17A4-4CE2-B590-007E5D10570A}.Debug|Any CPU.ActiveCfg = Debug|Any CPU
		{C992D62E-17A4-4CE2-B590-007E5D10570A}.Debug|Any CPU.Build.0 = Debug|Any CPU
		{C992D62E-17A4-4CE2-B590-007E5D10570A}.Release|Any CPU.ActiveCfg = Release|Any CPU
		{C992D62E-17A4-4CE2-B590-007E5D10570A}.Release|Any CPU.Build.0 = Release|Any CPU
		{D1B5182E-496A-4103-9615-3F2531FF6823}.Debug|Any CPU.ActiveCfg = Debug|Any CPU
		{D1B5182E-496A-4103-9615-3F2531FF6823}.Debug|Any CPU.Build.0 = Debug|Any CPU
		{D1B5182E-496A-4103-9615-3F2531FF6823}.Release|Any CPU.ActiveCfg = Release|Any CPU
		{D1B5182E-496A-4103-9615-3F2531FF6823}.Release|Any CPU.Build.0 = Release|Any CPU
		{09529D72-0FFE-40DF-A946-DFC1CB9B09D9}.Debug|Any CPU.ActiveCfg = Debug|Any CPU
		{09529D72-0FFE-40DF-A946-DFC1CB9B09D9}.Debug|Any CPU.Build.0 = Debug|Any CPU
		{09529D72-0FFE-40DF-A946-DFC1CB9B09D9}.Release|Any CPU.ActiveCfg = Release|Any CPU
		{09529D72-0FFE-40DF-A946-DFC1CB9B09D9}.Release|Any CPU.Build.0 = Release|Any CPU
		{F722D2AC-2338-4D0D-A38F-6C07C406A976}.Debug|Any CPU.ActiveCfg = Debug|Any CPU
		{F722D2AC-2338-4D0D-A38F-6C07C406A976}.Debug|Any CPU.Build.0 = Debug|Any CPU
		{F722D2AC-2338-4D0D-A38F-6C07C406A976}.Release|Any CPU.ActiveCfg = Release|Any CPU
		{F722D2AC-2338-4D0D-A38F-6C07C406A976}.Release|Any CPU.Build.0 = Release|Any CPU
	EndGlobalSection
	GlobalSection(SolutionProperties) = preSolution
		HideSolutionNode = FALSE
	EndGlobalSection
EndGlobal
